
Microsoft Visual Studio Solution File, Format Version 12.00
# Visual Studio Version 16
VisualStudioVersion = 16.0.32802.440
MinimumVisualStudioVersion = 10.0.40219.1
Project("{9A19103F-16F7-4668-BE54-9A1E7A4F7556}") = "MilitaryManager", "MilitaryManager\MilitaryManager.csproj", "{F64BF1A1-C8B2-441F-8088-CF7885D9E9FA}"
EndProject
Project("{E53339B2-1760-4266-BCC7-CA923CBCF16C}") = "docker-compose", "docker-compose.dcproj", "{D5C06D86-A8CD-482A-8693-C64BF94FCFA3}"
EndProject
Project("{9A19103F-16F7-4668-BE54-9A1E7A4F7556}") = "MilitaryManager.Attachments.API", "MilitaryManager.Attachments.API\MilitaryManager.Attachments.API.csproj", "{FEE2D059-898C-4229-B5D1-B1AE41011768}"
EndProject
Project("{9A19103F-16F7-4668-BE54-9A1E7A4F7556}") = "MilitaryManager.Units.API", "MilitaryManager.Units.API\MilitaryManager.Units.API.csproj", "{8D181AE8-F070-46F5-B4E4-E0992BF66F10}"
EndProject
Project("{9A19103F-16F7-4668-BE54-9A1E7A4F7556}") = "MilitaryManager.IdentityServer", "MilitaryManager.IdentityServer\MilitaryManager.IdentityServer.csproj", "{B7C73A12-9CEB-44B9-9E36-2158734F580D}"
EndProject
Project("{9A19103F-16F7-4668-BE54-9A1E7A4F7556}") = "DocumentGenerator", "DocumentGenerator\DocumentGenerator.csproj", "{2A473D5B-590C-4E0A-83FB-B2FE72D5B6F4}"
EndProject
Global
	GlobalSection(SolutionConfigurationPlatforms) = preSolution
		Debug|Any CPU = Debug|Any CPU
		Release|Any CPU = Release|Any CPU
	EndGlobalSection
	GlobalSection(ProjectConfigurationPlatforms) = postSolution
		{F64BF1A1-C8B2-441F-8088-CF7885D9E9FA}.Debug|Any CPU.ActiveCfg = Debug|Any CPU
		{F64BF1A1-C8B2-441F-8088-CF7885D9E9FA}.Debug|Any CPU.Build.0 = Debug|Any CPU
		{F64BF1A1-C8B2-441F-8088-CF7885D9E9FA}.Release|Any CPU.ActiveCfg = Release|Any CPU
		{F64BF1A1-C8B2-441F-8088-CF7885D9E9FA}.Release|Any CPU.Build.0 = Release|Any CPU
		{D5C06D86-A8CD-482A-8693-C64BF94FCFA3}.Debug|Any CPU.ActiveCfg = Debug|Any CPU
		{D5C06D86-A8CD-482A-8693-C64BF94FCFA3}.Debug|Any CPU.Build.0 = Debug|Any CPU
		{D5C06D86-A8CD-482A-8693-C64BF94FCFA3}.Release|Any CPU.ActiveCfg = Release|Any CPU
		{D5C06D86-A8CD-482A-8693-C64BF94FCFA3}.Release|Any CPU.Build.0 = Release|Any CPU
		{FEE2D059-898C-4229-B5D1-B1AE41011768}.Debug|Any CPU.ActiveCfg = Debug|Any CPU
		{FEE2D059-898C-4229-B5D1-B1AE41011768}.Debug|Any CPU.Build.0 = Debug|Any CPU
		{FEE2D059-898C-4229-B5D1-B1AE41011768}.Release|Any CPU.ActiveCfg = Release|Any CPU
		{FEE2D059-898C-4229-B5D1-B1AE41011768}.Release|Any CPU.Build.0 = Release|Any CPU
		{8D181AE8-F070-46F5-B4E4-E0992BF66F10}.Debug|Any CPU.ActiveCfg = Debug|Any CPU
		{8D181AE8-F070-46F5-B4E4-E0992BF66F10}.Debug|Any CPU.Build.0 = Debug|Any CPU
		{8D181AE8-F070-46F5-B4E4-E0992BF66F10}.Release|Any CPU.ActiveCfg = Release|Any CPU
		{8D181AE8-F070-46F5-B4E4-E0992BF66F10}.Release|Any CPU.Build.0 = Release|Any CPU
		{B7C73A12-9CEB-44B9-9E36-2158734F580D}.Debug|Any CPU.ActiveCfg = Debug|Any CPU
		{B7C73A12-9CEB-44B9-9E36-2158734F580D}.Debug|Any CPU.Build.0 = Debug|Any CPU
		{B7C73A12-9CEB-44B9-9E36-2158734F580D}.Release|Any CPU.ActiveCfg = Release|Any CPU
		{B7C73A12-9CEB-44B9-9E36-2158734F580D}.Release|Any CPU.Build.0 = Release|Any CPU
		{2A473D5B-590C-4E0A-83FB-B2FE72D5B6F4}.Debug|Any CPU.ActiveCfg = Debug|Any CPU
		{2A473D5B-590C-4E0A-83FB-B2FE72D5B6F4}.Debug|Any CPU.Build.0 = Debug|Any CPU
		{2A473D5B-590C-4E0A-83FB-B2FE72D5B6F4}.Release|Any CPU.ActiveCfg = Release|Any CPU
		{2A473D5B-590C-4E0A-83FB-B2FE72D5B6F4}.Release|Any CPU.Build.0 = Release|Any CPU
	EndGlobalSection
	GlobalSection(SolutionProperties) = preSolution
		HideSolutionNode = FALSE
	EndGlobalSection
	GlobalSection(ExtensibilityGlobals) = postSolution
		SolutionGuid = {42D80804-A3E6-4FEE-B6A6-45C372345440}
	EndGlobalSection
EndGlobal
